
Microsoft Visual Studio Solution File, Format Version 12.00
# Visual Studio Version 16
VisualStudioVersion = 16.0.31515.178
MinimumVisualStudioVersion = 10.0.40219.1
Project("{FAE04EC0-301F-11D3-BF4B-00C04F79EFBC}") = "Faiz Hesaplama Programı", "Faiz Hesaplama Programı\Faiz Hesaplama Programı.csproj", "{2FA42E13-A06D-4A8F-B3B0-34AC3D0CE66D}"
EndProject
Global
	GlobalSection(SolutionConfigurationPlatforms) = preSolution
		Debug|Any CPU = Debug|Any CPU
		Release|Any CPU = Release|Any CPU
	EndGlobalSection
	GlobalSection(ProjectConfigurationPlatforms) = postSolution
		{2FA42E13-A06D-4A8F-B3B0-34AC3D0CE66D}.Debug|Any CPU.ActiveCfg = Debug|Any CPU
		{2FA42E13-A06D-4A8F-B3B0-34AC3D0CE66D}.Debug|Any CPU.Build.0 = Debug|Any CPU
		{2FA42E13-A06D-4A8F-B3B0-34AC3D0CE66D}.Release|Any CPU.ActiveCfg = Release|Any CPU
		{2FA42E13-A06D-4A8F-B3B0-34AC3D0CE66D}.Release|Any CPU.Build.0 = Release|Any CPU
	EndGlobalSection
	GlobalSection(SolutionProperties) = preSolution
		HideSolutionNode = FALSE
	EndGlobalSection
	GlobalSection(ExtensibilityGlobals) = postSolution
		SolutionGuid = {76D66B60-3BD9-4C30-B201-31B56DF52B82}
	EndGlobalSection
EndGlobal
